<?xml version="1.0" encoding="utf-8"?>
<Project ToolsVersion="4.0" xmlns="http://schemas.microsoft.com/developer/msbuild/2003">
  <ItemGroup>
    <Filter Include="dependencies">
      <UniqueIdentifier>{0104460c-556a-4649-b444-1387c292b29c}</UniqueIdentifier>
    </Filter>
    <Filter Include="src">
      <UniqueIdentifier>{4FC737F1-C7A5-4376-A066-2A32D752A2FF}</UniqueIdentifier>
      <Extensions>cpp;c;cc;cxx;c++;cppm;ixx;def;odl;idl;hpj;bat;asm;asmx</Extensions>
    </Filter>
    <Filter Include="dependencies\luau">
      <UniqueIdentifier>{5cc0cd84-f24d-4a27-b90c-d082ece0f990}</UniqueIdentifier>
    </Filter>
    <Filter Include="dependencies\luau\ast">
      <UniqueIdentifier>{a6748a80-4790-4437-b9d1-b704c7f72118}</UniqueIdentifier>
    </Filter>
    <Filter Include="dependencies\luau\common">
      <UniqueIdentifier>{25bd2d40-593d-4010-8ea6-8715888c54ea}</UniqueIdentifier>
    </Filter>
    <Filter Include="dependencies\luau\compiler">
      <UniqueIdentifier>{f8fa90a7-c642-43cb-83a5-b4a823e68671}</UniqueIdentifier>
    </Filter>
    <Filter Include="dependencies\luau\vm">
      <UniqueIdentifier>{c5f722f4-13be-4d0d-a951-861aad86722d}</UniqueIdentifier>
    </Filter>
    <Filter Include="dependencies\luau\vm\include">
      <UniqueIdentifier>{2c1dab39-9572-4bc1-a792-c0d238afc19f}</UniqueIdentifier>
    </Filter>
    <Filter Include="dependencies\luau\vm\src">
      <UniqueIdentifier>{fa6832d9-6b22-434c-834e-ce0e2bd002a0}</UniqueIdentifier>
    </Filter>
    <Filter Include="dependencies\luau\compiler\include">
      <UniqueIdentifier>{12b14b49-0626-463b-9093-f74909410b16}</UniqueIdentifier>
    </Filter>
    <Filter Include="dependencies\luau\compiler\src">
      <UniqueIdentifier>{dac8bd69-c3f5-44de-81de-d31b508ecd69}</UniqueIdentifier>
    </Filter>
    <Filter Include="dependencies\luau\common\include">
      <UniqueIdentifier>{eae050d5-d97e-4f00-b88d-98cbd537a597}</UniqueIdentifier>
    </Filter>
    <Filter Include="dependencies\luau\ast\include">
      <UniqueIdentifier>{044e4e21-b31e-4448-90bf-3ac608864995}</UniqueIdentifier>
    </Filter>
    <Filter Include="dependencies\luau\ast\src">
      <UniqueIdentifier>{b207a37b-1c40-41be-87b1-fefec1ba9afc}</UniqueIdentifier>
    </Filter>
    <Filter Include="dependencies\luau\compiler\include\Luau">
      <UniqueIdentifier>{fa809ae8-f8ee-4ed3-b8e3-3ff722d7129c}</UniqueIdentifier>
    </Filter>
    <Filter Include="src\roblox">
      <UniqueIdentifier>{ea47b30e-93cb-43cb-a4ed-0831057f6860}</UniqueIdentifier>
    </Filter>
    <Filter Include="src\utilities">
      <UniqueIdentifier>{784c145b-e21a-4216-8f89-bce548cbf03e}</UniqueIdentifier>
    </Filter>
    <Filter Include="src\utilities\hashing">
      <UniqueIdentifier>{f62538c5-0b0e-4f10-ba16-9f921be48f60}</UniqueIdentifier>
    </Filter>
    <Filter Include="src\utilities\utils">
      <UniqueIdentifier>{a4f20419-9011-4c7d-aaed-d7ed668f1f84}</UniqueIdentifier>
    </Filter>
    <Filter Include="dependencies\cryptopp">
      <UniqueIdentifier>{f4ce9689-3324-4774-bf54-40adb119c103}</UniqueIdentifier>
    </Filter>
    <Filter Include="dependencies\cryptopp\include">
      <UniqueIdentifier>{f0ffbc99-c91c-4cca-b70c-8397a0a4224f}</UniqueIdentifier>
    </Filter>
    <Filter Include="src\roblox\security">
      <UniqueIdentifier>{321d0846-537e-472d-a9da-d55cf6839165}</UniqueIdentifier>
    </Filter>
    <Filter Include="src\roblox\miscellaneous">
      <UniqueIdentifier>{7146cd0a-2879-4599-b41d-cd5b945c0c1b}</UniqueIdentifier>
    </Filter>
    <Filter Include="src\roblox\exploit">
      <UniqueIdentifier>{98c44af1-7a62-4960-b0cf-5e9a6f57ee54}</UniqueIdentifier>
    </Filter>
    <Filter Include="src\roblox\security\obfuscation">
      <UniqueIdentifier>{840ab4c8-a10c-467f-b023-37725e2d5bda}</UniqueIdentifier>
    </Filter>
    <Filter Include="src\roblox\security\authentication">
      <UniqueIdentifier>{6309a23f-d17a-4262-bed3-48d42885066a}</UniqueIdentifier>
    </Filter>
    <Filter Include="src\roblox\security\hwid">
      <UniqueIdentifier>{5f972df9-479e-48b5-b079-7d2921f352af}</UniqueIdentifier>
    </Filter>
    <Filter Include="src\roblox\exploit\classes">
      <UniqueIdentifier>{31d65a0e-8205-4965-906a-63f47bbd38e0}</UniqueIdentifier>
    </Filter>
    <Filter Include="src\roblox\exploit\environement">
      <UniqueIdentifier>{9b32dcfd-21b9-49d4-8034-43535aabe942}</UniqueIdentifier>
    </Filter>
    <Filter Include="src\roblox\exploit\execution">
      <UniqueIdentifier>{4720e2af-8dfc-4569-95fc-caaf1a9f8c6a}</UniqueIdentifier>
    </Filter>
    <Filter Include="src\roblox\exploit\scheduler">
      <UniqueIdentifier>{60d20bf1-70b0-4788-8d2b-f38beeba152d}</UniqueIdentifier>
    </Filter>
    <Filter Include="src\roblox\miscellaneous\data">
      <UniqueIdentifier>{03241b81-3da8-464c-8322-40b49ba136f9}</UniqueIdentifier>
    </Filter>
    <Filter Include="src\roblox\miscellaneous\extentions">
      <UniqueIdentifier>{d169be7d-f618-455c-99df-2bf0ad6b282c}</UniqueIdentifier>
    </Filter>
    <Filter Include="src\roblox\miscellaneous\offsets">
      <UniqueIdentifier>{6b4e4f3b-9499-4701-b46f-8d2c2cdf6027}</UniqueIdentifier>
    </Filter>
    <Filter Include="src\roblox\miscellaneous\storage">
      <UniqueIdentifier>{ea2a3296-fb8d-41dd-bf04-638f0d2ea885}</UniqueIdentifier>
    </Filter>
    <Filter Include="src\roblox\miscellaneous\structures">
      <UniqueIdentifier>{ca776478-b7db-434e-80f6-4f6a421dd180}</UniqueIdentifier>
    </Filter>
    <Filter Include="src\roblox\exploit\classes\console">
      <UniqueIdentifier>{0bf7a2f8-0bd2-4803-9356-36117ab9fa3c}</UniqueIdentifier>
    </Filter>
    <Filter Include="src\roblox\exploit\classes\pipe">
      <UniqueIdentifier>{89ea8952-555d-4b19-aec0-b219c4475162}</UniqueIdentifier>
    </Filter>
    <Filter Include="dependencies\cryptopp\src">
      <UniqueIdentifier>{c3fd8974-f7ec-4a92-b403-61c09c14a95c}</UniqueIdentifier>
    </Filter>
  </ItemGroup>
  <ItemGroup>
    <ClCompile Include="src\source.cpp">
      <Filter>src</Filter>
    </ClCompile>
    <ClCompile Include="dependencies\luau\vm\src\lapi.cpp">
      <Filter>dependencies\luau\vm\src</Filter>
    </ClCompile>
    <ClCompile Include="dependencies\luau\vm\src\laux.cpp">
      <Filter>dependencies\luau\vm\src</Filter>
    </ClCompile>
    <ClCompile Include="dependencies\luau\vm\src\lbaselib.cpp">
      <Filter>dependencies\luau\vm\src</Filter>
    </ClCompile>
    <ClCompile Include="dependencies\luau\vm\src\lbitlib.cpp">
      <Filter>dependencies\luau\vm\src</Filter>
    </ClCompile>
    <ClCompile Include="dependencies\luau\vm\src\lbuiltins.cpp">
      <Filter>dependencies\luau\vm\src</Filter>
    </ClCompile>
    <ClCompile Include="dependencies\luau\vm\src\lcorolib.cpp">
      <Filter>dependencies\luau\vm\src</Filter>
    </ClCompile>
    <ClCompile Include="dependencies\luau\vm\src\ldblib.cpp">
      <Filter>dependencies\luau\vm\src</Filter>
    </ClCompile>
    <ClCompile Include="dependencies\luau\vm\src\ldebug.cpp">
      <Filter>dependencies\luau\vm\src</Filter>
    </ClCompile>
    <ClCompile Include="dependencies\luau\vm\src\ldo.cpp">
      <Filter>dependencies\luau\vm\src</Filter>
    </ClCompile>
    <ClCompile Include="dependencies\luau\vm\src\lfunc.cpp">
      <Filter>dependencies\luau\vm\src</Filter>
    </ClCompile>
    <ClCompile Include="dependencies\luau\vm\src\lgc.cpp">
      <Filter>dependencies\luau\vm\src</Filter>
    </ClCompile>
    <ClCompile Include="dependencies\luau\vm\src\lgcdebug.cpp">
      <Filter>dependencies\luau\vm\src</Filter>
    </ClCompile>
    <ClCompile Include="dependencies\luau\vm\src\linit.cpp">
      <Filter>dependencies\luau\vm\src</Filter>
    </ClCompile>
    <ClCompile Include="dependencies\luau\vm\src\lmathlib.cpp">
      <Filter>dependencies\luau\vm\src</Filter>
    </ClCompile>
    <ClCompile Include="dependencies\luau\vm\src\lmem.cpp">
      <Filter>dependencies\luau\vm\src</Filter>
    </ClCompile>
    <ClCompile Include="dependencies\luau\vm\src\lnumprint.cpp">
      <Filter>dependencies\luau\vm\src</Filter>
    </ClCompile>
    <ClCompile Include="dependencies\luau\vm\src\lobject.cpp">
      <Filter>dependencies\luau\vm\src</Filter>
    </ClCompile>
    <ClCompile Include="dependencies\luau\vm\src\loslib.cpp">
      <Filter>dependencies\luau\vm\src</Filter>
    </ClCompile>
    <ClCompile Include="dependencies\luau\vm\src\lperf.cpp">
      <Filter>dependencies\luau\vm\src</Filter>
    </ClCompile>
    <ClCompile Include="dependencies\luau\vm\src\lstate.cpp">
      <Filter>dependencies\luau\vm\src</Filter>
    </ClCompile>
    <ClCompile Include="dependencies\luau\vm\src\lstring.cpp">
      <Filter>dependencies\luau\vm\src</Filter>
    </ClCompile>
    <ClCompile Include="dependencies\luau\vm\src\lstrlib.cpp">
      <Filter>dependencies\luau\vm\src</Filter>
    </ClCompile>
    <ClCompile Include="dependencies\luau\vm\src\ltable.cpp">
      <Filter>dependencies\luau\vm\src</Filter>
    </ClCompile>
    <ClCompile Include="dependencies\luau\vm\src\ltablib.cpp">
      <Filter>dependencies\luau\vm\src</Filter>
    </ClCompile>
    <ClCompile Include="dependencies\luau\vm\src\ltm.cpp">
      <Filter>dependencies\luau\vm\src</Filter>
    </ClCompile>
    <ClCompile Include="dependencies\luau\vm\src\ludata.cpp">
      <Filter>dependencies\luau\vm\src</Filter>
    </ClCompile>
    <ClCompile Include="dependencies\luau\vm\src\lutf8lib.cpp">
      <Filter>dependencies\luau\vm\src</Filter>
    </ClCompile>
    <ClCompile Include="dependencies\luau\vm\src\lvmexecute.cpp">
      <Filter>dependencies\luau\vm\src</Filter>
    </ClCompile>
    <ClCompile Include="dependencies\luau\vm\src\lvmload.cpp">
      <Filter>dependencies\luau\vm\src</Filter>
    </ClCompile>
    <ClCompile Include="dependencies\luau\vm\src\lvmutils.cpp">
      <Filter>dependencies\luau\vm\src</Filter>
    </ClCompile>
    <ClCompile Include="dependencies\luau\compiler\src\ValueTracking.cpp">
      <Filter>dependencies\luau\compiler\src</Filter>
    </ClCompile>
    <ClCompile Include="dependencies\luau\compiler\src\BuiltinFolding.cpp">
      <Filter>dependencies\luau\compiler\src</Filter>
    </ClCompile>
    <ClCompile Include="dependencies\luau\compiler\src\Builtins.cpp">
      <Filter>dependencies\luau\compiler\src</Filter>
    </ClCompile>
    <ClCompile Include="dependencies\luau\compiler\src\BytecodeBuilder.cpp">
      <Filter>dependencies\luau\compiler\src</Filter>
    </ClCompile>
    <ClCompile Include="dependencies\luau\compiler\src\Compiler.cpp">
      <Filter>dependencies\luau\compiler\src</Filter>
    </ClCompile>
    <ClCompile Include="dependencies\luau\compiler\src\ConstantFolding.cpp">
      <Filter>dependencies\luau\compiler\src</Filter>
    </ClCompile>
    <ClCompile Include="dependencies\luau\compiler\src\CostModel.cpp">
      <Filter>dependencies\luau\compiler\src</Filter>
    </ClCompile>
    <ClCompile Include="dependencies\luau\compiler\src\lcode.cpp">
      <Filter>dependencies\luau\compiler\src</Filter>
    </ClCompile>
    <ClCompile Include="dependencies\luau\compiler\src\TableShape.cpp">
      <Filter>dependencies\luau\compiler\src</Filter>
    </ClCompile>
    <ClCompile Include="dependencies\luau\compiler\src\Types.cpp">
      <Filter>dependencies\luau\compiler\src</Filter>
    </ClCompile>
    <ClCompile Include="dependencies\luau\ast\src\Ast.cpp">
      <Filter>dependencies\luau\ast\src</Filter>
    </ClCompile>
    <ClCompile Include="dependencies\luau\ast\src\Confusables.cpp">
      <Filter>dependencies\luau\ast\src</Filter>
    </ClCompile>
    <ClCompile Include="dependencies\luau\ast\src\Lexer.cpp">
      <Filter>dependencies\luau\ast\src</Filter>
    </ClCompile>
    <ClCompile Include="dependencies\luau\ast\src\Location.cpp">
      <Filter>dependencies\luau\ast\src</Filter>
    </ClCompile>
    <ClCompile Include="dependencies\luau\ast\src\Parser.cpp">
      <Filter>dependencies\luau\ast\src</Filter>
    </ClCompile>
    <ClCompile Include="dependencies\luau\ast\src\StringUtils.cpp">
      <Filter>dependencies\luau\ast\src</Filter>
    </ClCompile>
    <ClCompile Include="dependencies\luau\ast\src\TimeTrace.cpp">
      <Filter>dependencies\luau\ast\src</Filter>
    </ClCompile>
    <ClCompile Include="src\utilities\utils\utils.cpp">
      <Filter>src\utilities\utils</Filter>
    </ClCompile>
    <ClCompile Include="src\roblox\miscellaneous\storage\storage.cpp">
      <Filter>src\roblox\miscellaneous\storage</Filter>
    </ClCompile>
    <ClCompile Include="src\roblox\exploit\classes\console\console.cpp">
      <Filter>src\roblox\exploit\classes\console</Filter>
    </ClCompile>
    <ClCompile Include="src\roblox\exploit\classes\pipe\pipe.cpp">
      <Filter>src\roblox\exploit\classes\pipe</Filter>
    </ClCompile>
    <ClCompile Include="src\roblox\exploit\scheduler\scheduler.cpp">
      <Filter>src\roblox\exploit\scheduler</Filter>
    </ClCompile>
    <ClCompile Include="src\roblox\exploit\execution\execution.cpp">
      <Filter>src\roblox\exploit\execution</Filter>
    </ClCompile>
  </ItemGroup>
  <ItemGroup>
    <ClInclude Include="dependencies\luau\vm\include\lualib.h">
      <Filter>dependencies\luau\vm\include</Filter>
    </ClInclude>
    <ClInclude Include="dependencies\luau\vm\include\lua.h">
      <Filter>dependencies\luau\vm\include</Filter>
    </ClInclude>
    <ClInclude Include="dependencies\luau\vm\include\luaconf.h">
      <Filter>dependencies\luau\vm\include</Filter>
    </ClInclude>
    <ClInclude Include="dependencies\luau\vm\src\lapi.h">
      <Filter>dependencies\luau\vm\include</Filter>
    </ClInclude>
    <ClInclude Include="dependencies\luau\vm\src\lbuiltins.h">
      <Filter>dependencies\luau\vm\include</Filter>
    </ClInclude>
    <ClInclude Include="dependencies\luau\vm\src\lbytecode.h">
      <Filter>dependencies\luau\vm\include</Filter>
    </ClInclude>
    <ClInclude Include="dependencies\luau\vm\src\lcommon.h">
      <Filter>dependencies\luau\vm\include</Filter>
    </ClInclude>
    <ClInclude Include="dependencies\luau\vm\src\ldebug.h">
      <Filter>dependencies\luau\vm\include</Filter>
    </ClInclude>
    <ClInclude Include="dependencies\luau\vm\src\ldo.h">
      <Filter>dependencies\luau\vm\include</Filter>
    </ClInclude>
    <ClInclude Include="dependencies\luau\vm\src\lfunc.h">
      <Filter>dependencies\luau\vm\include</Filter>
    </ClInclude>
    <ClInclude Include="dependencies\luau\vm\src\lgc.h">
      <Filter>dependencies\luau\vm\include</Filter>
    </ClInclude>
    <ClInclude Include="dependencies\luau\vm\src\lmem.h">
      <Filter>dependencies\luau\vm\include</Filter>
    </ClInclude>
    <ClInclude Include="dependencies\luau\vm\src\lnumutils.h">
      <Filter>dependencies\luau\vm\include</Filter>
    </ClInclude>
    <ClInclude Include="dependencies\luau\vm\src\lobject.h">
      <Filter>dependencies\luau\vm\include</Filter>
    </ClInclude>
    <ClInclude Include="dependencies\luau\vm\src\lstate.h">
      <Filter>dependencies\luau\vm\include</Filter>
    </ClInclude>
    <ClInclude Include="dependencies\luau\vm\src\lstring.h">
      <Filter>dependencies\luau\vm\include</Filter>
    </ClInclude>
    <ClInclude Include="dependencies\luau\vm\src\ltable.h">
      <Filter>dependencies\luau\vm\include</Filter>
    </ClInclude>
    <ClInclude Include="dependencies\luau\vm\src\ltm.h">
      <Filter>dependencies\luau\vm\include</Filter>
    </ClInclude>
    <ClInclude Include="dependencies\luau\vm\src\ludata.h">
      <Filter>dependencies\luau\vm\include</Filter>
    </ClInclude>
    <ClInclude Include="dependencies\luau\vm\src\lvm.h">
      <Filter>dependencies\luau\vm\include</Filter>
    </ClInclude>
    <ClInclude Include="dependencies\luau\compiler\include\luacode.h">
      <Filter>dependencies\luau\compiler\include</Filter>
    </ClInclude>
    <ClInclude Include="dependencies\luau\compiler\include\Luau\Compiler.h">
      <Filter>dependencies\luau\compiler\include\Luau</Filter>
    </ClInclude>
    <ClInclude Include="dependencies\luau\compiler\include\Luau\BytecodeBuilder.h">
      <Filter>dependencies\luau\compiler\include\Luau</Filter>
    </ClInclude>
    <ClInclude Include="dependencies\luau\compiler\src\BuiltinFolding.h">
      <Filter>dependencies\luau\compiler\include</Filter>
    </ClInclude>
    <ClInclude Include="dependencies\luau\compiler\src\Builtins.h">
      <Filter>dependencies\luau\compiler\include</Filter>
    </ClInclude>
    <ClInclude Include="dependencies\luau\compiler\src\ConstantFolding.h">
      <Filter>dependencies\luau\compiler\include</Filter>
    </ClInclude>
    <ClInclude Include="dependencies\luau\compiler\src\CostModel.h">
      <Filter>dependencies\luau\compiler\include</Filter>
    </ClInclude>
    <ClInclude Include="dependencies\luau\compiler\src\TableShape.h">
      <Filter>dependencies\luau\compiler\include</Filter>
    </ClInclude>
    <ClInclude Include="dependencies\luau\compiler\src\Types.h">
      <Filter>dependencies\luau\compiler\include</Filter>
    </ClInclude>
    <ClInclude Include="dependencies\luau\compiler\src\ValueTracking.h">
      <Filter>dependencies\luau\compiler\include</Filter>
    </ClInclude>
    <ClInclude Include="dependencies\luau\common\include\Luau\Bytecode.h">
      <Filter>dependencies\luau\common\include</Filter>
    </ClInclude>
    <ClInclude Include="dependencies\luau\common\include\Luau\BytecodeUtils.h">
      <Filter>dependencies\luau\common\include</Filter>
    </ClInclude>
    <ClInclude Include="dependencies\luau\common\include\Luau\Common.h">
      <Filter>dependencies\luau\common\include</Filter>
    </ClInclude>
    <ClInclude Include="dependencies\luau\common\include\Luau\DenseHash.h">
      <Filter>dependencies\luau\common\include</Filter>
    </ClInclude>
    <ClInclude Include="dependencies\luau\common\include\Luau\ExperimentalFlags.h">
      <Filter>dependencies\luau\common\include</Filter>
    </ClInclude>
    <ClInclude Include="dependencies\luau\ast\include\Luau\Ast.h">
      <Filter>dependencies\luau\ast\include</Filter>
    </ClInclude>
    <ClInclude Include="dependencies\luau\ast\include\Luau\Confusables.h">
      <Filter>dependencies\luau\ast\include</Filter>
    </ClInclude>
    <ClInclude Include="dependencies\luau\ast\include\Luau\Lexer.h">
      <Filter>dependencies\luau\ast\include</Filter>
    </ClInclude>
    <ClInclude Include="dependencies\luau\ast\include\Luau\Location.h">
      <Filter>dependencies\luau\ast\include</Filter>
    </ClInclude>
    <ClInclude Include="dependencies\luau\ast\include\Luau\ParseOptions.h">
      <Filter>dependencies\luau\ast\include</Filter>
    </ClInclude>
    <ClInclude Include="dependencies\luau\ast\include\Luau\Parser.h">
      <Filter>dependencies\luau\ast\include</Filter>
    </ClInclude>
    <ClInclude Include="dependencies\luau\ast\include\Luau\ParseResult.h">
      <Filter>dependencies\luau\ast\include</Filter>
    </ClInclude>
    <ClInclude Include="dependencies\luau\ast\include\Luau\StringUtils.h">
      <Filter>dependencies\luau\ast\include</Filter>
    </ClInclude>
    <ClInclude Include="dependencies\luau\ast\include\Luau\TimeTrace.h">
      <Filter>dependencies\luau\ast\include</Filter>
    </ClInclude>
    <ClInclude Include="src\utilities\fill.h">
      <Filter>src\utilities</Filter>
    </ClInclude>
    <ClInclude Include="src\utilities\padding.h">
      <Filter>src\utilities</Filter>
    </ClInclude>
    <ClInclude Include="src\utilities\utils\utils.h">
      <Filter>src\utilities\utils</Filter>
    </ClInclude>
    <ClInclude Include="src\utilities\hashing\fnv.h">
      <Filter>src\utilities\hashing</Filter>
    </ClInclude>
    <ClInclude Include="src\roblox\security\obfuscation\member.h">
      <Filter>src\roblox\security\obfuscation</Filter>
    </ClInclude>
    <ClInclude Include="src\roblox\security\obfuscation\number.h">
      <Filter>src\roblox\security\obfuscation</Filter>
    </ClInclude>
    <ClInclude Include="src\roblox\security\obfuscation\random.h">
      <Filter>src\roblox\security\obfuscation</Filter>
    </ClInclude>
    <ClInclude Include="src\roblox\security\obfuscation\string.h">
      <Filter>src\roblox\security\obfuscation</Filter>
    </ClInclude>
    <ClInclude Include="src\roblox\security\winreg.h">
      <Filter>src\roblox\security</Filter>
    </ClInclude>
    <ClInclude Include="src\roblox\miscellaneous\offsets\addresses.h">
      <Filter>src\roblox\miscellaneous\offsets</Filter>
    </ClInclude>
    <ClInclude Include="src\roblox\miscellaneous\configuration.hpp">
      <Filter>src\roblox\miscellaneous</Filter>
    </ClInclude>
    <ClInclude Include="src\roblox\miscellaneous\offsets\offsets.h">
      <Filter>src\roblox\miscellaneous\offsets</Filter>
    </ClInclude>
    <ClInclude Include="src\roblox\miscellaneous\storage\storage.h">
      <Filter>src\roblox\miscellaneous\storage</Filter>
    </ClInclude>
    <ClInclude Include="src\roblox\miscellaneous\structures\teb.h">
      <Filter>src\roblox\miscellaneous\structures</Filter>
    </ClInclude>
    <ClInclude Include="src\roblox\exploit\classes\console\console.h">
      <Filter>src\roblox\exploit\classes\console</Filter>
    </ClInclude>
    <ClInclude Include="src\roblox\exploit\classes\pipe\pipe.h">
      <Filter>src\roblox\exploit\classes\pipe</Filter>
    </ClInclude>
    <ClInclude Include="src\roblox\exploit\execution\execution.h">
      <Filter>src\roblox\exploit\execution</Filter>
    </ClInclude>
    <ClInclude Include="src\roblox\exploit\scheduler\scheduler.h">
      <Filter>src\roblox\exploit\scheduler</Filter>
    </ClInclude>
  </ItemGroup>
</Project>